# VibeFlow endpoints called by the SPA. Regenerate: vibeflow-mcp contract-check --update
DELETE /api/v1/admin/platform/providers/{}
DELETE /api/v1/git-credentials/{}
DELETE /api/v1/kanban/tasks/{}
DELETE /api/v1/projects/{}
DELETE /api/v1/projects/{}/jira-sync
DELETE /api/v1/projects/{}/llm-providers/{}
DELETE /api/v1/projects/{}/members/{}
DELETE /api/v1/projects/{}/templates/agents/{}
DELETE /api/v1/projects/{}/templates/prompts/{}
DELETE /api/v1/projects/{}/templates/workflows/{}
DELETE /api/v1/runs/{}
DELETE /api/v1/tasks/{}
DELETE /api/v1/tasks/{}/attachments/{}
GET /api/v1/admin/analytics/filters
GET /api/v1/admin/capacity/report
GET /api/v1/admin/conversations/export
GET /api/v1/admin/dlp/findings
GET /api/v1/admin/overview
GET /api/v1/admin/platform/config
GET /api/v1/admin/platform/overrides
GET /api/v1/admin/platform/providers
GET /api/v1/admin/platform/user-keys
GET /api/v1/admin/projects
GET /api/v1/admin/system/health
GET /api/v1/admin/system/metrics
GET /api/v1/admin/users
GET /api/v1/auth/azure/config
GET /api/v1/changes
GET /api/v1/changes/agents
GET /api/v1/changes/diff
GET /api/v1/changes/generate-message
GET /api/v1/changes/session-diff
GET /api/v1/changes/skills
GET /api/v1/changes/status
GET /api/v1/files/branches
GET /api/v1/files/content
GET /api/v1/files/download
GET /api/v1/files/search
GET /api/v1/files/workdir
GET /api/v1/git-credentials
GET /api/v1/jira/sites
GET /api/v1/kanban/boards
GET /api/v1/projects
GET /api/v1/projects/{}
GET /api/v1/projects/{}/budget
GET /api/v1/projects/{}/jira-sync
GET /api/v1/projects/{}/llm-providers
GET /api/v1/projects/{}/members
GET /api/v1/projects/{}/my-recent-task
GET /api/v1/projects/{}/tasks/archived
GET /api/v1/projects/{}/templates/workflows
GET /api/v1/projects/{}/templates/workflows/{}
GET /api/v1/projects/{}/templates/workflows/{}/export
GET /api/v1/roles{}
GET /api/v1/runs
GET /api/v1/runs/mine
GET /api/v1/runs/poll-cursor
GET /api/v1/runs/{}
GET /api/v1/runs/{}/artifacts
GET /api/v1/runs/{}/context-usage
GET /api/v1/runs/{}/cost-breakdown
GET /api/v1/runs/{}/messages
GET /api/v1/runs/{}/pending-prompts
GET /api/v1/runs/{}/transcript.md
GET /api/v1/runs/{}/workflow-batches
GET /api/v1/search
GET /api/v1/sessions/mine{}
GET /api/v1/sessions/models
GET /api/v1/sessions/project/{}
GET /api/v1/sessions/status
GET /api/v1/sessions/{}
GET /api/v1/sessions/{}/preview/logs
GET /api/v1/tasks
GET /api/v1/tasks/recent
GET /api/v1/tasks/{}
GET /api/v1/tasks/{}/attachments
GET /api/v1/users/me/llm-providers
GET /api/v1/users/me/onboarding
GET /api/v1/users/me/platform-models
GET /api/v1/users/me/platform-quota
GET /api/v1/users/me/stats
GET /api/v1/users/search
GET /api/v1/workflows/{}
GET /sessions/{}/mcp{}
GET /sessions/{}/vibeflow/context
GET /sessions/{}/vibeflow/goal{}
GET /sessions/{}/vibeflow/runs/{}/snapshot
GET /sessions/{}/vibeflow/snapshot
PATCH /api/v1/admin/conversations/{}/flag
PATCH /api/v1/admin/platform/providers/{}
PATCH /api/v1/admin/platform/providers/{}/shared-key
PATCH /api/v1/kanban/tasks/{}/archive
PATCH /api/v1/kanban/tasks/{}/unarchive
PATCH /api/v1/projects/{}/llm-providers/{}
PATCH /api/v1/projects/{}/pin
PATCH /api/v1/roles/{}
PATCH /api/v1/runs/{}/archive
PATCH /api/v1/runs/{}/title
PATCH /api/v1/users/me/onboarding
POST /api/v1/admin/dlp/tester
POST /api/v1/admin/platform/providers
POST /api/v1/admin/platform/providers/probe
POST /api/v1/admin/platform/providers/{}/delete-all-keys
POST /api/v1/admin/platform/providers/{}/revoke-all-keys
POST /api/v1/admin/platform/providers/{}/sync-models
POST /api/v1/admin/platform/user-keys/{}/{}
POST /api/v1/admin/projects/{}/archive
POST /api/v1/admin/sessions/{}/stop
POST /api/v1/admin/users/import
POST /api/v1/auth/accept-terms
POST /api/v1/changes/git-sync
POST /api/v1/changes/push
POST /api/v1/changes/session/reload
POST /api/v1/files/checkout
POST /api/v1/files/delete
POST /api/v1/files/upload
POST /api/v1/git-credentials
POST /api/v1/jira/projects
POST /api/v1/jira/projects/{}/statuses
POST /api/v1/kanban/tasks
POST /api/v1/preview/exchange-token
POST /api/v1/preview/fix
POST /api/v1/preview/mermaid-fix
POST /api/v1/preview/pull-merge
POST /api/v1/preview/run
POST /api/v1/preview/stop
POST /api/v1/projects/{}/generate-prompt
POST /api/v1/projects/{}/jira-sync
POST /api/v1/projects/{}/jira-sync/test-connection
POST /api/v1/projects/{}/jira-sync/trigger
POST /api/v1/projects/{}/llm-providers
POST /api/v1/projects/{}/llm-providers/{}/verify
POST /api/v1/projects/{}/members
POST /api/v1/projects/{}/templates/agents
POST /api/v1/projects/{}/templates/prompts
POST /api/v1/projects/{}/templates/workflows
POST /api/v1/projects/{}/templates/workflows/import
POST /api/v1/runs
POST /api/v1/runs/step
POST /api/v1/runs/{}/archive
POST /api/v1/runs/{}/compact
POST /api/v1/runs/{}/messages
POST /api/v1/runs/{}/pending-prompts/{}/replay
POST /api/v1/runs/{}/pin
POST /api/v1/runs/{}/resume
POST /api/v1/sessions/mine/stop-idle
POST /api/v1/sessions/start
POST /api/v1/sessions/{}/file-sync-ticket
POST /api/v1/sessions/{}/save
POST /api/v1/sessions/{}/stop
POST /api/v1/sessions/{}/upload-workspace
POST /api/v1/sessions/{}/workspace-baseline
POST /api/v1/tasks
POST /api/v1/tasks/{}/attachments
POST /api/v1/users/me/llm-providers/openai/callback
POST /sessions/{}/vibeflow/cron
POST /sessions/{}/vibeflow/file/upload
POST /sessions/{}/vibeflow/goal
POST /sessions/{}/vibeflow/lsp/{}
POST /sessions/{}/vibeflow/memory
POST /sessions/{}/vibeflow/runs/{}/abort
POST /sessions/{}/vibeflow/runs/{}/jobs/background
POST /sessions/{}/vibeflow/runs/{}/jobs/{}/stop
POST /sessions/{}/vibeflow/runs/{}/permissions/{}/reply
POST /sessions/{}/vibeflow/runs/{}/questions/{}/reply
POST /sessions/{}/vibeflow/runs/{}/retry
PUT /api/v1/admin/platform/config
PUT /api/v1/admin/platform/usage/{}/override
PUT /api/v1/admin/users/{}/activate
PUT /api/v1/admin/users/{}/role
PUT /api/v1/admin/users/{}/whitelist
PUT /api/v1/kanban/tasks/{}
PUT /api/v1/kanban/tasks/{}/assign
PUT /api/v1/kanban/tasks/{}/move
PUT /api/v1/projects/{}
PUT /api/v1/projects/{}/budget
PUT /api/v1/projects/{}/jira-sync
PUT /api/v1/projects/{}/members/{}
PUT /api/v1/projects/{}/sharepoint-source
PUT /api/v1/projects/{}/templates/agents/{}
PUT /api/v1/projects/{}/templates/workflows/{}
PUT /api/v1/tasks/{}
PUT /api/v1/workflows/{}
